
Microsoft Visual Studio Solution File, Format Version 12.00
# Visual Studio Version 17
VisualStudioVersion = 17.4.33103.184
MinimumVisualStudioVersion = 10.0.40219.1
Project("{FAE04EC0-301F-11D3-BF4B-00C04F79EFBC}") = "Webapi.healthclinic", "Webapi.healthclinic.csproj", "{1BD31D0E-F9E2-419A-B6A5-EEA88275F8F5}"
EndProject
Global
	GlobalSection(SolutionConfigurationPlatforms) = preSolution
		Debug|Any CPU = Debug|Any CPU
		Release|Any CPU = Release|Any CPU
	EndGlobalSection
	GlobalSection(ProjectConfigurationPlatforms) = postSolution
		{1BD31D0E-F9E2-419A-B6A5-EEA88275F8F5}.Debug|Any CPU.ActiveCfg = Debug|Any CPU
		{1BD31D0E-F9E2-419A-B6A5-EEA88275F8F5}.Debug|Any CPU.Build.0 = Debug|Any CPU
		{1BD31D0E-F9E2-419A-B6A5-EEA88275F8F5}.Release|Any CPU.ActiveCfg = Release|Any CPU
		{1BD31D0E-F9E2-419A-B6A5-EEA88275F8F5}.Release|Any CPU.Build.0 = Release|Any CPU
	EndGlobalSection
	GlobalSection(SolutionProperties) = preSolution
		HideSolutionNode = FALSE
	EndGlobalSection
	GlobalSection(ExtensibilityGlobals) = postSolution
		SolutionGuid = {7B6E2B33-AB01-4AD8-9F39-DB3E5DEB46F5}
	EndGlobalSection
EndGlobal
