
Microsoft Visual Studio Solution File, Format Version 12.00
# Visual Studio Version 17
VisualStudioVersion = 17.4.33103.184
MinimumVisualStudioVersion = 10.0.40219.1
Project("{FAE04EC0-301F-11D3-BF4B-00C04F79EFBC}") = "senai.inlock.webApi", "senai.inlock.webApi.csproj", "{D6C1CC65-8E8C-43D9-9BED-BCD34766A49F}"
EndProject
Global
	GlobalSection(SolutionConfigurationPlatforms) = preSolution
		Debug|Any CPU = Debug|Any CPU
		Release|Any CPU = Release|Any CPU
	EndGlobalSection
	GlobalSection(ProjectConfigurationPlatforms) = postSolution
		{D6C1CC65-8E8C-43D9-9BED-BCD34766A49F}.Debug|Any CPU.ActiveCfg = Debug|Any CPU
		{D6C1CC65-8E8C-43D9-9BED-BCD34766A49F}.Debug|Any CPU.Build.0 = Debug|Any CPU
		{D6C1CC65-8E8C-43D9-9BED-BCD34766A49F}.Release|Any CPU.ActiveCfg = Release|Any CPU
		{D6C1CC65-8E8C-43D9-9BED-BCD34766A49F}.Release|Any CPU.Build.0 = Release|Any CPU
	EndGlobalSection
	GlobalSection(SolutionProperties) = preSolution
		HideSolutionNode = FALSE
	EndGlobalSection
	GlobalSection(ExtensibilityGlobals) = postSolution
		SolutionGuid = {EBFED396-630E-4538-A735-9A5E34CA58D6}
	EndGlobalSection
EndGlobal
